
Microsoft Visual Studio Solution File, Format Version 12.00
# Visual Studio 15
VisualStudioVersion = 15.0.28307.329
MinimumVisualStudioVersion = 10.0.40219.1
Project("{FAE04EC0-301F-11D3-BF4B-00C04F79EFBC}") = "BBRAddin", "BBRAddin\BBRAddin.csproj", "{693BBEA7-2E39-4E68-B779-840045C64168}"
EndProject
Global
	GlobalSection(SolutionConfigurationPlatforms) = preSolution
		Debug|Any CPU = Debug|Any CPU
		Release|Any CPU = Release|Any CPU
	EndGlobalSection
	GlobalSection(ProjectConfigurationPlatforms) = postSolution
		{693BBEA7-2E39-4E68-B779-840045C64168}.Debug|Any CPU.ActiveCfg = Debug|Any CPU
		{693BBEA7-2E39-4E68-B779-840045C64168}.Debug|Any CPU.Build.0 = Debug|Any CPU
		{693BBEA7-2E39-4E68-B779-840045C64168}.Release|Any CPU.ActiveCfg = Release|Any CPU
		{693BBEA7-2E39-4E68-B779-840045C64168}.Release|Any CPU.Build.0 = Release|Any CPU
	EndGlobalSection
	GlobalSection(SolutionProperties) = preSolution
		HideSolutionNode = FALSE
	EndGlobalSection
	GlobalSection(ExtensibilityGlobals) = postSolution
		SolutionGuid = {BE633E68-2337-4D92-A22B-84C1A7D43817}
	EndGlobalSection
EndGlobal
